// !$*UTF8*$!
{
	archiveVersion = 1;
	classes = {
	};
	objectVersion = 56;
	objects = {

/* Begin PBXBuildFile section */
		C0863A4C2C315CA00019986A /* Movies_AppApp.swift in Sources */ = {isa = PBXBuildFile; fileRef = C0863A4B2C315CA00019986A /* Movies_AppApp.swift */; };
		C0863A4E2C315CA00019986A /* HomeView.swift in Sources */ = {isa = PBXBuildFile; fileRef = C0863A4D2C315CA00019986A /* HomeView.swift */; };
		C0863A502C315CA20019986A /* Assets.xcassets in Resources */ = {isa = PBXBuildFile; fileRef = C0863A4F2C315CA20019986A /* Assets.xcassets */; };
		C0863A532C315CA20019986A /* Preview Assets.xcassets in Resources */ = {isa = PBXBuildFile; fileRef = C0863A522C315CA20019986A /* Preview Assets.xcassets */; };
		C0863A5A2C315CCC0019986A /* PopularView.swift in Sources */ = {isa = PBXBuildFile; fileRef = C0863A592C315CCC0019986A /* PopularView.swift */; };
		C0863A5E2C315CEF0019986A /* NetworkError.swift in Sources */ = {isa = PBXBuildFile; fileRef = C0863A5D2C315CEF0019986A /* NetworkError.swift */; };
		C0863A612C315D090019986A /* MovieViewModel.swift in Sources */ = {isa = PBXBuildFile; fileRef = C0863A602C315D090019986A /* MovieViewModel.swift */; };
		C0863A632C315D280019986A /* Trend.swift in Sources */ = {isa = PBXBuildFile; fileRef = C0863A622C315D280019986A /* Trend.swift */; };
		C0863A652C315D320019986A /* Tv.swift in Sources */ = {isa = PBXBuildFile; fileRef = C0863A642C315D320019986A /* Tv.swift */; };
		C0863A672C315D3C0019986A /* Popular.swift in Sources */ = {isa = PBXBuildFile; fileRef = C0863A662C315D3C0019986A /* Popular.swift */; };
		C0863A6C2C3162510019986A /* TabBar.swift in Sources */ = {isa = PBXBuildFile; fileRef = C0863A6B2C3162510019986A /* TabBar.swift */; };
		C0863A6E2C3163910019986A /* DetailsView.swift in Sources */ = {isa = PBXBuildFile; fileRef = C0863A6D2C3163910019986A /* DetailsView.swift */; };
		C0863A702C316D680019986A /* APIConstants.swift in Sources */ = {isa = PBXBuildFile; fileRef = C0863A6F2C316D680019986A /* APIConstants.swift */; };
/* End PBXBuildFile section */

/* Begin PBXFileReference section */
		C0863A482C315CA00019986A /* Movies App.app */ = {isa = PBXFileReference; explicitFileType = wrapper.application; includeInIndex = 0; path = "Movies App.app"; sourceTree = BUILT_PRODUCTS_DIR; };
		C0863A4B2C315CA00019986A /* Movies_AppApp.swift */ = {isa = PBXFileReference; lastKnownFileType = sourcecode.swift; path = Movies_AppApp.swift; sourceTree = "<group>"; };
		C0863A4D2C315CA00019986A /* HomeView.swift */ = {isa = PBXFileReference; lastKnownFileType = sourcecode.swift; path = HomeView.swift; sourceTree = "<group>"; };
		C0863A4F2C315CA20019986A /* Assets.xcassets */ = {isa = PBXFileReference; lastKnownFileType = folder.assetcatalog; path = Assets.xcassets; sourceTree = "<group>"; };
		C0863A522C315CA20019986A /* Preview Assets.xcassets */ = {isa = PBXFileReference; lastKnownFileType = folder.assetcatalog; path = "Preview Assets.xcassets"; sourceTree = "<group>"; };
		C0863A592C315CCC0019986A /* PopularView.swift */ = {isa = PBXFileReference; lastKnownFileType = sourcecode.swift; path = PopularView.swift; sourceTree = "<group>"; };
		C0863A5D2C315CEF0019986A /* NetworkError.swift */ = {isa = PBXFileReference; lastKnownFileType = sourcecode.swift; path = NetworkError.swift; sourceTree = "<group>"; };
		C0863A602C315D090019986A /* MovieViewModel.swift */ = {isa = PBXFileReference; lastKnownFileType = sourcecode.swift; path = MovieViewModel.swift; sourceTree = "<group>"; };
		C0863A622C315D280019986A /* Trend.swift */ = {isa = PBXFileReference; lastKnownFileType = sourcecode.swift; path = Trend.swift; sourceTree = "<group>"; };
		C0863A642C315D320019986A /* Tv.swift */ = {isa = PBXFileReference; lastKnownFileType = sourcecode.swift; path = Tv.swift; sourceTree = "<group>"; };
		C0863A662C315D3C0019986A /* Popular.swift */ = {isa = PBXFileReference; lastKnownFileType = sourcecode.swift; path = Popular.swift; sourceTree = "<group>"; };
		C0863A6B2C3162510019986A /* TabBar.swift */ = {isa = PBXFileReference; lastKnownFileType = sourcecode.swift; path = TabBar.swift; sourceTree = "<group>"; };
		C0863A6D2C3163910019986A /* DetailsView.swift */ = {isa = PBXFileReference; lastKnownFileType = sourcecode.swift; path = DetailsView.swift; sourceTree = "<group>"; };
		C0863A6F2C316D680019986A /* APIConstants.swift */ = {isa = PBXFileReference; lastKnownFileType = sourcecode.swift; path = APIConstants.swift; sourceTree = "<group>"; };
/* End PBXFileReference section */

/* Begin PBXFrameworksBuildPhase section */
		C0863A452C315CA00019986A /* Frameworks */ = {
			isa = PBXFrameworksBuildPhase;
			buildActionMask = 2147483647;
			files = (
			);
			runOnlyForDeploymentPostprocessing = 0;
		};
/* End PBXFrameworksBuildPhase section */

/* Begin PBXGroup section */
		C0863A3F2C315CA00019986A = {
			isa = PBXGroup;
			children = (
				C0863A4A2C315CA00019986A /* Movies App */,
				C0863A492C315CA00019986A /* Products */,
			);
			sourceTree = "<group>";
		};
		C0863A492C315CA00019986A /* Products */ = {
			isa = PBXGroup;
			children = (
				C0863A482C315CA00019986A /* Movies App.app */,
			);
			name = Products;
			sourceTree = "<group>";
		};
		C0863A4A2C315CA00019986A /* Movies App */ = {
			isa = PBXGroup;
			children = (
				C0863A5C2C315CE20019986A /* Enums */,
				C0863A6A2C31623C0019986A /* Components */,
				C0863A692C315DB60019986A /* Views */,
				C0863A682C315D9D0019986A /* Models */,
				C0863A5F2C315CFA0019986A /* ViewModel */,
				C0863A5B2C315CDD0019986A /* Service */,
				C0863A4F2C315CA20019986A /* Assets.xcassets */,
				C0863A512C315CA20019986A /* Preview Content */,
				C0863A4B2C315CA00019986A /* Movies_AppApp.swift */,
			);
			path = "Movies App";
			sourceTree = "<group>";
		};
		C0863A512C315CA20019986A /* Preview Content */ = {
			isa = PBXGroup;
			children = (
				C0863A522C315CA20019986A /* Preview Assets.xcassets */,
			);
			path = "Preview Content";
			sourceTree = "<group>";
		};
		C0863A5B2C315CDD0019986A /* Service */ = {
			isa = PBXGroup;
			children = (
				C0863A6F2C316D680019986A /* APIConstants.swift */,
			);
			path = Service;
			sourceTree = "<group>";
		};
		C0863A5C2C315CE20019986A /* Enums */ = {
			isa = PBXGroup;
			children = (
				C0863A5D2C315CEF0019986A /* NetworkError.swift */,
			);
			path = Enums;
			sourceTree = "<group>";
		};
		C0863A5F2C315CFA0019986A /* ViewModel */ = {
			isa = PBXGroup;
			children = (
				C0863A602C315D090019986A /* MovieViewModel.swift */,
			);
			path = ViewModel;
			sourceTree = "<group>";
		};
		C0863A682C315D9D0019986A /* Models */ = {
			isa = PBXGroup;
			children = (
				C0863A662C315D3C0019986A /* Popular.swift */,
				C0863A642C315D320019986A /* Tv.swift */,
				C0863A622C315D280019986A /* Trend.swift */,
			);
			path = Models;
			sourceTree = "<group>";
		};
		C0863A692C315DB60019986A /* Views */ = {
			isa = PBXGroup;
			children = (
				C0863A592C315CCC0019986A /* PopularView.swift */,
				C0863A4D2C315CA00019986A /* HomeView.swift */,
				C0863A6D2C3163910019986A /* DetailsView.swift */,
			);
			path = Views;
			sourceTree = "<group>";
		};
		C0863A6A2C31623C0019986A /* Components */ = {
			isa = PBXGroup;
			children = (
				C0863A6B2C3162510019986A /* TabBar.swift */,
			);
			path = Components;
			sourceTree = "<group>";
		};
/* End PBXGroup section */

/* Begin PBXNativeTarget section */
		C0863A472C315CA00019986A /* Movies App */ = {
			isa = PBXNativeTarget;
			buildConfigurationList = C0863A562C315CA20019986A /* Build configuration list for PBXNativeTarget "Movies App" */;
			buildPhases = (
				C0863A442C315CA00019986A /* Sources */,
				C0863A452C315CA00019986A /* Frameworks */,
				C0863A462C315CA00019986A /* Resources */,
			);
			buildRules = (
			);
			dependencies = (
			);
			name = "Movies App";
			productName = "Movies App";
			productReference = C0863A482C315CA00019986A /* Movies App.app */;
			productType = "com.apple.product-type.application";
		};
/* End PBXNativeTarget section */

/* Begin PBXProject section */
		C0863A402C315CA00019986A /* Project object */ = {
			isa = PBXProject;
			attributes = {
				BuildIndependentTargetsInParallel = 1;
				LastSwiftUpdateCheck = 1540;
				LastUpgradeCheck = 1540;
				TargetAttributes = {
					C0863A472C315CA00019986A = {
						CreatedOnToolsVersion = 15.4;
					};
				};
			};
			buildConfigurationList = C0863A432C315CA00019986A /* Build configuration list for PBXProject "Movies App" */;
			compatibilityVersion = "Xcode 14.0";
			developmentRegion = en;
			hasScannedForEncodings = 0;
			knownRegions = (
				en,
				Base,
			);
			mainGroup = C0863A3F2C315CA00019986A;
			productRefGroup = C0863A492C315CA00019986A /* Products */;
			projectDirPath = "";
			projectRoot = "";
			targets = (
				C0863A472C315CA00019986A /* Movies App */,
			);
		};
/* End PBXProject section */

/* Begin PBXResourcesBuildPhase section */
		C0863A462C315CA00019986A /* Resources */ = {
			isa = PBXResourcesBuildPhase;
			buildActionMask = 2147483647;
			files = (
				C0863A532C315CA20019986A /* Preview Assets.xcassets in Resources */,
				C0863A502C315CA20019986A /* Assets.xcassets in Resources */,
			);
			runOnlyForDeploymentPostprocessing = 0;
		};
/* End PBXResourcesBuildPhase section */

/* Begin PBXSourcesBuildPhase section */
		C0863A442C315CA00019986A /* Sources */ = {
			isa = PBXSourcesBuildPhase;
			buildActionMask = 2147483647;
			files = (
				C0863A6C2C3162510019986A /* TabBar.swift in Sources */,
				C0863A702C316D680019986A /* APIConstants.swift in Sources */,
				C0863A6E2C3163910019986A /* DetailsView.swift in Sources */,
				C0863A4E2C315CA00019986A /* HomeView.swift in Sources */,
				C0863A612C315D090019986A /* MovieViewModel.swift in Sources */,
				C0863A5E2C315CEF0019986A /* NetworkError.swift in Sources */,
				C0863A672C315D3C0019986A /* Popular.swift in Sources */,
				C0863A5A2C315CCC0019986A /* PopularView.swift in Sources */,
				C0863A652C315D320019986A /* Tv.swift in Sources */,
				C0863A4C2C315CA00019986A /* Movies_AppApp.swift in Sources */,
				C0863A632C315D280019986A /* Trend.swift in Sources */,
			);
			runOnlyForDeploymentPostprocessing = 0;
		};
/* End PBXSourcesBuildPhase section */

/* Begin XCBuildConfiguration section */
		C0863A542C315CA20019986A /* Debug */ = {
			isa = XCBuildConfiguration;
			buildSettings = {
				ALWAYS_SEARCH_USER_PATHS = NO;
				ASSETCATALOG_COMPILER_GENERATE_SWIFT_ASSET_SYMBOL_EXTENSIONS = YES;
				CLANG_ANALYZER_NONNULL = YES;
				CLANG_ANALYZER_NUMBER_OBJECT_CONVERSION = YES_AGGRESSIVE;
				CLANG_CXX_LANGUAGE_STANDARD = "gnu++20";
				CLANG_ENABLE_MODULES = YES;
				CLANG_ENABLE_OBJC_ARC = YES;
				CLANG_ENABLE_OBJC_WEAK = YES;
				CLANG_WARN_BLOCK_CAPTURE_AUTORELEASING = YES;
				CLANG_WARN_BOOL_CONVERSION = YES;
				CLANG_WARN_COMMA = YES;
				CLANG_WARN_CONSTANT_CONVERSION = YES;
				CLANG_WARN_DEPRECATED_OBJC_IMPLEMENTATIONS = YES;
				CLANG_WARN_DIRECT_OBJC_ISA_USAGE = YES_ERROR;
				CLANG_WARN_DOCUMENTATION_COMMENTS = YES;
				CLANG_WARN_EMPTY_BODY = YES;
				CLANG_WARN_ENUM_CONVERSION = YES;
				CLANG_WARN_INFINITE_RECURSION = YES;
				CLANG_WARN_INT_CONVERSION = YES;
				CLANG_WARN_NON_LITERAL_NULL_CONVERSION = YES;
				CLANG_WARN_OBJC_IMPLICIT_RETAIN_SELF = YES;
				CLANG_WARN_OBJC_LITERAL_CONVERSION = YES;
				CLANG_WARN_OBJC_ROOT_CLASS = YES_ERROR;
				CLANG_WARN_QUOTED_INCLUDE_IN_FRAMEWORK_HEADER = YES;
				CLANG_WARN_RANGE_LOOP_ANALYSIS = YES;
				CLANG_WARN_STRICT_PROTOTYPES = YES;
				CLANG_WARN_SUSPICIOUS_MOVE = YES;
				CLANG_WARN_UNGUARDED_AVAILABILITY = YES_AGGRESSIVE;
				CLANG_WARN_UNREACHABLE_CODE = YES;
				CLANG_WARN__DUPLICATE_METHOD_MATCH = YES;
				COPY_PHASE_STRIP = NO;
				DEBUG_INFORMATION_FORMAT = dwarf;
				ENABLE_STRICT_OBJC_MSGSEND = YES;
				ENABLE_TESTABILITY = YES;
				ENABLE_USER_SCRIPT_SANDBOXING = YES;
				GCC_C_LANGUAGE_STANDARD = gnu17;
				GCC_DYNAMIC_NO_PIC = NO;
				GCC_NO_COMMON_BLOCKS = YES;
				GCC_OPTIMIZATION_LEVEL = 0;
				GCC_PREPROCESSOR_DEFINITIONS = (
					"DEBUG=1",
					"$(inherited)",
				);
				GCC_WARN_64_TO_32_BIT_CONVERSION = YES;
				GCC_WARN_ABOUT_RETURN_TYPE = YES_ERROR;
				GCC_WARN_UNDECLARED_SELECTOR = YES;
				GCC_WARN_UNINITIALIZED_AUTOS = YES_AGGRESSIVE;
				GCC_WARN_UNUSED_FUNCTION = YES;
				GCC_WARN_UNUSED_VARIABLE = YES;
				IPHONEOS_DEPLOYMENT_TARGET = 17.5;
				LOCALIZATION_PREFERS_STRING_CATALOGS = YES;
				MTL_ENABLE_DEBUG_INFO = INCLUDE_SOURCE;
				MTL_FAST_MATH = YES;
				ONLY_ACTIVE_ARCH = YES;
				SDKROOT = iphoneos;
				SWIFT_ACTIVE_COMPILATION_CONDITIONS = "DEBUG $(inherited)";
				SWIFT_OPTIMIZATION_LEVEL = "-Onone";
			};
			name = Debug;
		};
		C0863A552C315CA20019986A /* Release */ = {
			isa = XCBuildConfiguration;
			buildSettings = {
				ALWAYS_SEARCH_USER_PATHS = NO;
				ASSETCATALOG_COMPILER_GENERATE_SWIFT_ASSET_SYMBOL_EXTENSIONS = YES;
				CLANG_ANALYZER_NONNULL = YES;
				CLANG_ANALYZER_NUMBER_OBJECT_CONVERSION = YES_AGGRESSIVE;
				CLANG_CXX_LANGUAGE_STANDARD = "gnu++20";
				CLANG_ENABLE_MODULES = YES;
				CLANG_ENABLE_OBJC_ARC = YES;
				CLANG_ENABLE_OBJC_WEAK = YES;
				CLANG_WARN_BLOCK_CAPTURE_AUTORELEASING = YES;
				CLANG_WARN_BOOL_CONVERSION = YES;
				CLANG_WARN_COMMA = YES;
				CLANG_WARN_CONSTANT_CONVERSION = YES;
				CLANG_WARN_DEPRECATED_OBJC_IMPLEMENTATIONS = YES;
				CLANG_WARN_DIRECT_OBJC_ISA_USAGE = YES_ERROR;
				CLANG_WARN_DOCUMENTATION_COMMENTS = YES;
				CLANG_WARN_EMPTY_BODY = YES;
				CLANG_WARN_ENUM_CONVERSION = YES;
				CLANG_WARN_INFINITE_RECURSION = YES;
				CLANG_WARN_INT_CONVERSION = YES;
				CLANG_WARN_NON_LITERAL_NULL_CONVERSION = YES;
				CLANG_WARN_OBJC_IMPLICIT_RETAIN_SELF = YES;
				CLANG_WARN_OBJC_LITERAL_CONVERSION = YES;
				CLANG_WARN_OBJC_ROOT_CLASS = YES_ERROR;
				CLANG_WARN_QUOTED_INCLUDE_IN_FRAMEWORK_HEADER = YES;
				CLANG_WARN_RANGE_LOOP_ANALYSIS = YES;
				CLANG_WARN_STRICT_PROTOTYPES = YES;
				CLANG_WARN_SUSPICIOUS_MOVE = YES;
				CLANG_WARN_UNGUARDED_AVAILABILITY = YES_AGGRESSIVE;
				CLANG_WARN_UNREACHABLE_CODE = YES;
				CLANG_WARN__DUPLICATE_METHOD_MATCH = YES;
				COPY_PHASE_STRIP = NO;
				DEBUG_INFORMATION_FORMAT = "dwarf-with-dsym";
				ENABLE_NS_ASSERTIONS = NO;
				ENABLE_STRICT_OBJC_MSGSEND = YES;
				ENABLE_USER_SCRIPT_SANDBOXING = YES;
				GCC_C_LANGUAGE_STANDARD = gnu17;
				GCC_NO_COMMON_BLOCKS = YES;
				GCC_WARN_64_TO_32_BIT_CONVERSION = YES;
				GCC_WARN_ABOUT_RETURN_TYPE = YES_ERROR;
				GCC_WARN_UNDECLARED_SELECTOR = YES;
				GCC_WARN_UNINITIALIZED_AUTOS = YES_AGGRESSIVE;
				GCC_WARN_UNUSED_FUNCTION = YES;
				GCC_WARN_UNUSED_VARIABLE = YES;
				IPHONEOS_DEPLOYMENT_TARGET = 17.5;
				LOCALIZATION_PREFERS_STRING_CATALOGS = YES;
				MTL_ENABLE_DEBUG_INFO = NO;
				MTL_FAST_MATH = YES;
				SDKROOT = iphoneos;
				SWIFT_COMPILATION_MODE = wholemodule;
				VALIDATE_PRODUCT = YES;
			};
			name = Release;
		};
		C0863A572C315CA20019986A /* Debug */ = {
			isa = XCBuildConfiguration;
			buildSettings = {
				ASSETCATALOG_COMPILER_APPICON_NAME = AppIcon;
				ASSETCATALOG_COMPILER_GLOBAL_ACCENT_COLOR_NAME = AccentColor;
				CODE_SIGN_STYLE = Automatic;
				CURRENT_PROJECT_VERSION = 1;
				DEVELOPMENT_ASSET_PATHS = "\"Movies App/Preview Content\"";
				DEVELOPMENT_TEAM = PQ82KF7KP4;
				ENABLE_PREVIEWS = YES;
				GENERATE_INFOPLIST_FILE = YES;
				INFOPLIST_KEY_UIApplicationSceneManifest_Generation = YES;
				INFOPLIST_KEY_UIApplicationSupportsIndirectInputEvents = YES;
				INFOPLIST_KEY_UILaunchScreen_Generation = YES;
				INFOPLIST_KEY_UISupportedInterfaceOrientations_iPad = "UIInterfaceOrientationPortrait UIInterfaceOrientationPortraitUpsideDown UIInterfaceOrientationLandscapeLeft UIInterfaceOrientationLandscapeRight";
				INFOPLIST_KEY_UISupportedInterfaceOrientations_iPhone = "UIInterfaceOrientationPortrait UIInterfaceOrientationLandscapeLeft UIInterfaceOrientationLandscapeRight";
				LD_RUNPATH_SEARCH_PATHS = (
					"$(inherited)",
					"@executable_path/Frameworks",
				);
				MARKETING_VERSION = 1.0;
				PRODUCT_BUNDLE_IDENTIFIER = "com.batuhanberkertekin.Movies-App";
				PRODUCT_NAME = "$(TARGET_NAME)";
				SWIFT_EMIT_LOC_STRINGS = YES;
				SWIFT_VERSION = 5.0;
				TARGETED_DEVICE_FAMILY = "1,2";
			};
			name = Debug;
		};
		C0863A582C315CA20019986A /* Release */ = {
			isa = XCBuildConfiguration;
			buildSettings = {
				ASSETCATALOG_COMPILER_APPICON_NAME = AppIcon;
				ASSETCATALOG_COMPILER_GLOBAL_ACCENT_COLOR_NAME = AccentColor;
				CODE_SIGN_STYLE = Automatic;
				CURRENT_PROJECT_VERSION = 1;
				DEVELOPMENT_ASSET_PATHS = "\"Movies App/Preview Content\"";
				DEVELOPMENT_TEAM = PQ82KF7KP4;
				ENABLE_PREVIEWS = YES;
				GENERATE_INFOPLIST_FILE = YES;
				INFOPLIST_KEY_UIApplicationSceneManifest_Generation = YES;
				INFOPLIST_KEY_UIApplicationSupportsIndirectInputEvents = YES;
				INFOPLIST_KEY_UILaunchScreen_Generation = YES;
				INFOPLIST_KEY_UISupportedInterfaceOrientations_iPad = "UIInterfaceOrientationPortrait UIInterfaceOrientationPortraitUpsideDown UIInterfaceOrientationLandscapeLeft UIInterfaceOrientationLandscapeRight";
				INFOPLIST_KEY_UISupportedInterfaceOrientations_iPhone = "UIInterfaceOrientationPortrait UIInterfaceOrientationLandscapeLeft UIInterfaceOrientationLandscapeRight";
				LD_RUNPATH_SEARCH_PATHS = (
					"$(inherited)",
					"@executable_path/Frameworks",
				);
				MARKETING_VERSION = 1.0;
				PRODUCT_BUNDLE_IDENTIFIER = "com.batuhanberkertekin.Movies-App";
				PRODUCT_NAME = "$(TARGET_NAME)";
				SWIFT_EMIT_LOC_STRINGS = YES;
				SWIFT_VERSION = 5.0;
				TARGETED_DEVICE_FAMILY = "1,2";
			};
			name = Release;
		};
/* End XCBuildConfiguration section */

/* Begin XCConfigurationList section */
		C0863A432C315CA00019986A /* Build configuration list for PBXProject "Movies App" */ = {
			isa = XCConfigurationList;
			buildConfigurations = (
				C0863A542C315CA20019986A /* Debug */,
				C0863A552C315CA20019986A /* Release */,
			);
			defaultConfigurationIsVisible = 0;
			defaultConfigurationName = Release;
		};
		C0863A562C315CA20019986A /* Build configuration list for PBXNativeTarget "Movies App" */ = {
			isa = XCConfigurationList;
			buildConfigurations = (
				C0863A572C315CA20019986A /* Debug */,
				C0863A582C315CA20019986A /* Release */,
			);
			defaultConfigurationIsVisible = 0;
			defaultConfigurationName = Release;
		};
/* End XCConfigurationList section */
	};
	rootObject = C0863A402C315CA00019986A /* Project object */;
}
